
Microsoft Visual Studio Solution File, Format Version 12.00
# Visual Studio Version 17
VisualStudioVersion = 17.3.32825.248
MinimumVisualStudioVersion = 10.0.40219.1
Project("{FAE04EC0-301F-11D3-BF4B-00C04F79EFBC}") = "Project_ASP.NET", "Project_ASP.NET\Project_ASP.NET.csproj", "{6FBCF7FF-BA28-46D7-B4A0-A6B7FBD7CA68}"
EndProject
Global
	GlobalSection(SolutionConfigurationPlatforms) = preSolution
		Debug|Any CPU = Debug|Any CPU
		Release|Any CPU = Release|Any CPU
	EndGlobalSection
	GlobalSection(ProjectConfigurationPlatforms) = postSolution
		{6FBCF7FF-BA28-46D7-B4A0-A6B7FBD7CA68}.Debug|Any CPU.ActiveCfg = Debug|Any CPU
		{6FBCF7FF-BA28-46D7-B4A0-A6B7FBD7CA68}.Debug|Any CPU.Build.0 = Debug|Any CPU
		{6FBCF7FF-BA28-46D7-B4A0-A6B7FBD7CA68}.Release|Any CPU.ActiveCfg = Release|Any CPU
		{6FBCF7FF-BA28-46D7-B4A0-A6B7FBD7CA68}.Release|Any CPU.Build.0 = Release|Any CPU
	EndGlobalSection
	GlobalSection(SolutionProperties) = preSolution
		HideSolutionNode = FALSE
	EndGlobalSection
	GlobalSection(ExtensibilityGlobals) = postSolution
		SolutionGuid = {109A3AA5-00AD-499E-A991-09D02CF7E5B4}
	EndGlobalSection
EndGlobal
